PODS:
  - AFNetworkActivityLogger (3.0.0):
    - AFNetworking/NSURLSession (~> 3.0)
  - AFNetworking/NSURLSession (3.1.0):
    - AFNetworking/Reachability
    - AFNetworking/Security
    - AFNetworking/Serialization
  - AFNetworking/Reachability (3.1.0)
  - AFNetworking/Security (3.1.0)
  - AFNetworking/Serialization (3.1.0)
  - Kingfisher (3.3.4)
  - Mantle (2.1.0):
    - Mantle/extobjc (= 2.1.0)
  - Mantle/extobjc (2.1.0)
  - MTLManagedObjectAdapter (1.0.3):
    - Mantle (~> 2.0)
    - MTLManagedObjectAdapter/extobjc (= 1.0.3)
  - MTLManagedObjectAdapter/extobjc (1.0.3):
    - Mantle (~> 2.0)
  - Overcoat (4.0.0-beta.2):
    - AFNetworking/NSURLSession (~> 3.0)
    - AFNetworking/Serialization (~> 3.0)
    - Mantle (~> 2.0)
  - Overcoat+CoreData (4.0.0-beta.2):
    - MTLManagedObjectAdapter (> 1.0)
    - Overcoat (~> 4.0.0-beta.2)
  - ReactiveCocoa (5.0.0):
    - ReactiveSwift (~> 1.0.0)
  - ReactiveSwift (1.0.0):
    - Result (~> 3.1)
  - Result (3.1.0)
  - UIScrollView-InfiniteScroll (1.0.0)

DEPENDENCIES:
  - AFNetworkActivityLogger (from `https://github.com/AFNetworking/AFNetworkActivityLogger.git`, branch `3_0_0`)
  - Kingfisher (~> 3.0)
  - MTLManagedObjectAdapter (~> 1.0)
  - Overcoat (~> 4.0.0-beta.2)
  - Overcoat+CoreData (~> 4.0.0-beta.2)
  - ReactiveCocoa
  - ReactiveSwift (~> 1.0.0)
  - UIScrollView-InfiniteScroll (~> 1.0.0)

EXTERNAL SOURCES:
  AFNetworkActivityLogger:
    :branch: '3_0_0'
    :git: https://github.com/AFNetworking/AFNetworkActivityLogger.git

CHECKOUT OPTIONS:
  AFNetworkActivityLogger:
    :commit: abc565fe804f210dfda3b028c9a64e7c32e44600
    :git: https://github.com/AFNetworking/AFNetworkActivityLogger.git

SPEC CHECKSUMS:
  AFNetworkActivityLogger: e77f68d014becb33c4306a23f56a64906ff72670
  AFNetworking: 5e0e199f73d8626b11e79750991f5d173d1f8b67
  Kingfisher: 35f289f015d26e81ea6c85048718c6205f3933c6
  Mantle: 2fa750afa478cd625a94230fbf1c13462f29395b
  MTLManagedObjectAdapter: 631a53432675dcf03a9d90624afb3cececf54631
  Overcoat: 2ddaa6d66edebc375f3e24a37974631d5aff7ebe
  Overcoat+CoreData: b1561512e9686f52692e86d4d3eeb97a1c1d6249
  ReactiveCocoa: 60ef0da915b4f70c34ebecc3f4fb8f96af0e53d6
  ReactiveSwift: f391724ee318a2cfd3e37dfb041cd49ecf4e7869
  Result: 4e3ed5995ed94d0cd6a09be9a431fce3f3624bbf
  UIScrollView-InfiniteScroll: d26885be71caca7485cdb37eab513a8f89036bb0

PODFILE CHECKSUM: 3e36749103407162456aba33a2708522469e92cd

COCOAPODS: 1.2.0
